
Microsoft Visual Studio Solution File, Format Version 12.00
# Visual Studio Version 16
VisualStudioVersion = 16.0.29326.143
MinimumVisualStudioVersion = 10.0.40219.1
Project("{FAE04EC0-301F-11D3-BF4B-00C04F79EFBC}") = "CS321_W5D1_ExerciseLogAPIV2", "CS321_W5D1_ExerciseLogAPIV2\CS321_W5D1_ExerciseLogAPIV2.csproj", "{B67FBFDE-0392-441D-A4F9-60D87ADDA4D9}"
EndProject
Project("{FAE04EC0-301F-11D3-BF4B-00C04F79EFBC}") = "CS321_W5D1_ExerciseLogAPIV2.Core", "CS321_W5D1_ExerciseLogAPIV2.Core\CS321_W5D1_ExerciseLogAPIV2.Core.csproj", "{49E22D88-566B-4D0E-8E09-E8CE285B44DE}"
EndProject
Project("{FAE04EC0-301F-11D3-BF4B-00C04F79EFBC}") = "CS321_W5D2_ExerciseLogAPI.Infrastructure", "CS321_W5D2_ExerciseLogAPI.Infrastructure\CS321_W5D2_ExerciseLogAPI.Infrastructure.csproj", "{8EB4473B-FEDD-4C9D-AA38-BDDD21C3BC6E}"
EndProject
Global
	GlobalSection(SolutionConfigurationPlatforms) = preSolution
		Debug|Any CPU = Debug|Any CPU
		Release|Any CPU = Release|Any CPU
	EndGlobalSection
	GlobalSection(ProjectConfigurationPlatforms) = postSolution
		{B67FBFDE-0392-441D-A4F9-60D87ADDA4D9}.Debug|Any CPU.ActiveCfg = Debug|Any CPU
		{B67FBFDE-0392-441D-A4F9-60D87ADDA4D9}.Debug|Any CPU.Build.0 = Debug|Any CPU
		{B67FBFDE-0392-441D-A4F9-60D87ADDA4D9}.Release|Any CPU.ActiveCfg = Release|Any CPU
		{B67FBFDE-0392-441D-A4F9-60D87ADDA4D9}.Release|Any CPU.Build.0 = Release|Any CPU
		{49E22D88-566B-4D0E-8E09-E8CE285B44DE}.Debug|Any CPU.ActiveCfg = Debug|Any CPU
		{49E22D88-566B-4D0E-8E09-E8CE285B44DE}.Debug|Any CPU.Build.0 = Debug|Any CPU
		{49E22D88-566B-4D0E-8E09-E8CE285B44DE}.Release|Any CPU.ActiveCfg = Release|Any CPU
		{49E22D88-566B-4D0E-8E09-E8CE285B44DE}.Release|Any CPU.Build.0 = Release|Any CPU
		{8EB4473B-FEDD-4C9D-AA38-BDDD21C3BC6E}.Debug|Any CPU.ActiveCfg = Debug|Any CPU
		{8EB4473B-FEDD-4C9D-AA38-BDDD21C3BC6E}.Debug|Any CPU.Build.0 = Debug|Any CPU
		{8EB4473B-FEDD-4C9D-AA38-BDDD21C3BC6E}.Release|Any CPU.ActiveCfg = Release|Any CPU
		{8EB4473B-FEDD-4C9D-AA38-BDDD21C3BC6E}.Release|Any CPU.Build.0 = Release|Any CPU
	EndGlobalSection
	GlobalSection(SolutionProperties) = preSolution
		HideSolutionNode = FALSE
	EndGlobalSection
	GlobalSection(ExtensibilityGlobals) = postSolution
		SolutionGuid = {4000F9A8-278A-4EF0-BED0-8211B567C286}
	EndGlobalSection
EndGlobal
